// !$*UTF8*$!
{
	archiveVersion = 1;
	classes = {
	};
	objectVersion = 46;
	objects = {

/* Begin PBXBuildFile section */
		A2DCC1055518DEEA635CBA7C /* libPods-Where'sBaby.a in Frameworks */ = {isa = PBXBuildFile; fileRef = 56F50D48F51F4C753BB9032F /* libPods-Where'sBaby.a */; };
		B9045C091BA0535100090A86 /* main.m in Sources */ = {isa = PBXBuildFile; fileRef = B9045C081BA0535100090A86 /* main.m */; };
		B9045C0C1BA0535100090A86 /* AppDelegate.m in Sources */ = {isa = PBXBuildFile; fileRef = B9045C0B1BA0535100090A86 /* AppDelegate.m */; };
		B9045C0F1BA0535100090A86 /* ViewController.m in Sources */ = {isa = PBXBuildFile; fileRef = B9045C0E1BA0535100090A86 /* ViewController.m */; };
		B9045C121BA0535100090A86 /* Main.storyboard in Resources */ = {isa = PBXBuildFile; fileRef = B9045C101BA0535100090A86 /* Main.storyboard */; };
		B9045C141BA0535100090A86 /* Assets.xcassets in Resources */ = {isa = PBXBuildFile; fileRef = B9045C131BA0535100090A86 /* Assets.xcassets */; };
		B9045C171BA0535100090A86 /* LaunchScreen.storyboard in Resources */ = {isa = PBXBuildFile; fileRef = B9045C151BA0535100090A86 /* LaunchScreen.storyboard */; };
		B9045C221BA0535100090A86 /* Where_sBabyTests.m in Sources */ = {isa = PBXBuildFile; fileRef = B9045C211BA0535100090A86 /* Where_sBabyTests.m */; };
		B9045C2D1BA0535100090A86 /* Where_sBabyUITests.m in Sources */ = {isa = PBXBuildFile; fileRef = B9045C2C1BA0535100090A86 /* Where_sBabyUITests.m */; };
		B9052B681BA506C5001AA85C /* LoginViewController.swift in Sources */ = {isa = PBXBuildFile; fileRef = B9052B671BA506C5001AA85C /* LoginViewController.swift */; settings = {ASSET_TAGS = (); }; };
		B95890311BA43BE900A2C03E /* WBWelcomeViewController.swift in Sources */ = {isa = PBXBuildFile; fileRef = B95890301BA43BE900A2C03E /* WBWelcomeViewController.swift */; settings = {ASSET_TAGS = (); }; };
		B95890411BA443F600A2C03E /* 返回@2x.png in Resources */ = {isa = PBXBuildFile; fileRef = B95890331BA443F600A2C03E /* 返回@2x.png */; settings = {ASSET_TAGS = (); }; };
		B95890421BA443F600A2C03E /* 返回@3x.png in Resources */ = {isa = PBXBuildFile; fileRef = B95890341BA443F600A2C03E /* 返回@3x.png */; settings = {ASSET_TAGS = (); }; };
		B95890431BA443F600A2C03E /* bei@2x.png in Resources */ = {isa = PBXBuildFile; fileRef = B95890351BA443F600A2C03E /* bei@2x.png */; settings = {ASSET_TAGS = (); }; };
		B95890441BA443F600A2C03E /* bei@3x.png in Resources */ = {isa = PBXBuildFile; fileRef = B95890361BA443F600A2C03E /* bei@3x.png */; settings = {ASSET_TAGS = (); }; };
		B95890451BA443F600A2C03E /* beijing1.png in Resources */ = {isa = PBXBuildFile; fileRef = B95890371BA443F600A2C03E /* beijing1.png */; settings = {ASSET_TAGS = (); }; };
		B95890461BA443F600A2C03E /* beijing2.png in Resources */ = {isa = PBXBuildFile; fileRef = B95890381BA443F600A2C03E /* beijing2.png */; settings = {ASSET_TAGS = (); }; };
		B95890471BA443F600A2C03E /* denglu@2x.png in Resources */ = {isa = PBXBuildFile; fileRef = B95890391BA443F600A2C03E /* denglu@2x.png */; settings = {ASSET_TAGS = (); }; };
		B95890481BA443F600A2C03E /* denglu@3x.png in Resources */ = {isa = PBXBuildFile; fileRef = B958903A1BA443F600A2C03E /* denglu@3x.png */; settings = {ASSET_TAGS = (); }; };
		B95890491BA443F600A2C03E /* shuru1@2x.png in Resources */ = {isa = PBXBuildFile; fileRef = B958903B1BA443F600A2C03E /* shuru1@2x.png */; settings = {ASSET_TAGS = (); }; };
		B958904A1BA443F600A2C03E /* shuru1@3x.png in Resources */ = {isa = PBXBuildFile; fileRef = B958903C1BA443F600A2C03E /* shuru1@3x.png */; settings = {ASSET_TAGS = (); }; };
		B958904B1BA443F600A2C03E /* shuru2@2x.png in Resources */ = {isa = PBXBuildFile; fileRef = B958903D1BA443F600A2C03E /* shuru2@2x.png */; settings = {ASSET_TAGS = (); }; };
		B958904C1BA443F600A2C03E /* shuru2@3x.png in Resources */ = {isa = PBXBuildFile; fileRef = B958903E1BA443F600A2C03E /* shuru2@3x.png */; settings = {ASSET_TAGS = (); }; };
		B958904D1BA443F600A2C03E /* zhuce@2x.png in Resources */ = {isa = PBXBuildFile; fileRef = B958903F1BA443F600A2C03E /* zhuce@2x.png */; settings = {ASSET_TAGS = (); }; };
		B958904E1BA443F600A2C03E /* zhuce@3x.png in Resources */ = {isa = PBXBuildFile; fileRef = B95890401BA443F600A2C03E /* zhuce@3x.png */; settings = {ASSET_TAGS = (); }; };
		D3E734FD1BA5D12500618513 /* BaseHTTPRequestOperationManager.m in Sources */ = {isa = PBXBuildFile; fileRef = D3E734FC1BA5D12500618513 /* BaseHTTPRequestOperationManager.m */; settings = {ASSET_TAGS = (); }; };
		D3E735001BA5D19200618513 /* NSString+scisky.m in Sources */ = {isa = PBXBuildFile; fileRef = D3E734FF1BA5D19200618513 /* NSString+scisky.m */; settings = {ASSET_TAGS = (); }; };
		D3E735031BA5D5CB00618513 /* LoginRequest.m in Sources */ = {isa = PBXBuildFile; fileRef = D3E735021BA5D5CB00618513 /* LoginRequest.m */; settings = {ASSET_TAGS = (); }; };
/* End PBXBuildFile section */

/* Begin PBXContainerItemProxy section */
		B9045C1E1BA0535100090A86 /* PBXContainerItemProxy */ = {
			isa = PBXContainerItemProxy;
			containerPortal = B9045BFC1BA0535100090A86 /* Project object */;
			proxyType = 1;
			remoteGlobalIDString = B9045C031BA0535100090A86;
			remoteInfo = "Where'sBaby";
		};
		B9045C291BA0535100090A86 /* PBXContainerItemProxy */ = {
			isa = PBXContainerItemProxy;
			containerPortal = B9045BFC1BA0535100090A86 /* Project object */;
			proxyType = 1;
			remoteGlobalIDString = B9045C031BA0535100090A86;
			remoteInfo = "Where'sBaby";
		};
/* End PBXContainerItemProxy section */

/* Begin PBXFileReference section */
		0FBE7D952F98AB999F7B30DA /* Pods-Where'sBaby.release.xcconfig */ = {isa = PBXFileReference; includeInIndex = 1; lastKnownFileType = text.xcconfig; name = "Pods-Where'sBaby.release.xcconfig"; path = "Pods/Target Support Files/Pods-Where'sBaby/Pods-Where'sBaby.release.xcconfig"; sourceTree = "<group>"; };
		56F50D48F51F4C753BB9032F /* libPods-Where'sBaby.a */ = {isa = PBXFileReference; explicitFileType = archive.ar; includeInIndex = 0; path = "libPods-Where'sBaby.a"; sourceTree = BUILT_PRODUCTS_DIR; };
		B9045C041BA0535100090A86 /* Where'sBaby.app */ = {isa = PBXFileReference; explicitFileType = wrapper.application; includeInIndex = 0; path = "Where'sBaby.app"; sourceTree = BUILT_PRODUCTS_DIR; };
		B9045C081BA0535100090A86 /* main.m */ = {isa = PBXFileReference; lastKnownFileType = sourcecode.c.objc; path = main.m; sourceTree = "<group>"; };
		B9045C0A1BA0535100090A86 /* AppDelegate.h */ = {isa = PBXFileReference; lastKnownFileType = sourcecode.c.h; path = AppDelegate.h; sourceTree = "<group>"; };
		B9045C0B1BA0535100090A86 /* AppDelegate.m */ = {isa = PBXFileReference; lastKnownFileType = sourcecode.c.objc; path = AppDelegate.m; sourceTree = "<group>"; };
		B9045C0D1BA0535100090A86 /* ViewController.h */ = {isa = PBXFileReference; lastKnownFileType = sourcecode.c.h; path = ViewController.h; sourceTree = "<group>"; };
		B9045C0E1BA0535100090A86 /* ViewController.m */ = {isa = PBXFileReference; lastKnownFileType = sourcecode.c.objc; path = ViewController.m; sourceTree = "<group>"; };
		B9045C111BA0535100090A86 /* Base */ = {isa = PBXFileReference; lastKnownFileType = file.storyboard; name = Base; path = Base.lproj/Main.storyboard; sourceTree = "<group>"; };
		B9045C131BA0535100090A86 /* Assets.xcassets */ = {isa = PBXFileReference; lastKnownFileType = folder.assetcatalog; path = Assets.xcassets; sourceTree = "<group>"; };
		B9045C161BA0535100090A86 /* Base */ = {isa = PBXFileReference; lastKnownFileType = file.storyboard; name = Base; path = Base.lproj/LaunchScreen.storyboard; sourceTree = "<group>"; };
		B9045C181BA0535100090A86 /* Info.plist */ = {isa = PBXFileReference; lastKnownFileType = text.plist.xml; path = Info.plist; sourceTree = "<group>"; };
		B9045C1D1BA0535100090A86 /* Where'sBabyTests.xctest */ = {isa = PBXFileReference; explicitFileType = wrapper.cfbundle; includeInIndex = 0; path = "Where'sBabyTests.xctest"; sourceTree = BUILT_PRODUCTS_DIR; };
		B9045C211BA0535100090A86 /* Where_sBabyTests.m */ = {isa = PBXFileReference; lastKnownFileType = sourcecode.c.objc; path = Where_sBabyTests.m; sourceTree = "<group>"; };
		B9045C231BA0535100090A86 /* Info.plist */ = {isa = PBXFileReference; lastKnownFileType = text.plist.xml; path = Info.plist; sourceTree = "<group>"; };
		B9045C281BA0535100090A86 /* Where'sBabyUITests.xctest */ = {isa = PBXFileReference; explicitFileType = wrapper.cfbundle; includeInIndex = 0; path = "Where'sBabyUITests.xctest"; sourceTree = BUILT_PRODUCTS_DIR; };
		B9045C2C1BA0535100090A86 /* Where_sBabyUITests.m */ = {isa = PBXFileReference; lastKnownFileType = sourcecode.c.objc; path = Where_sBabyUITests.m; sourceTree = "<group>"; };
		B9045C2E1BA0535100090A86 /* Info.plist */ = {isa = PBXFileReference; lastKnownFileType = text.plist.xml; path = Info.plist; sourceTree = "<group>"; };
		B9052B671BA506C5001AA85C /* LoginViewController.swift */ = {isa = PBXFileReference; fileEncoding = 4; lastKnownFileType = sourcecode.swift; path = LoginViewController.swift; sourceTree = "<group>"; };
		B958902F1BA43BE800A2C03E /* Where'sBaby-Bridging-Header.h */ = {isa = PBXFileReference; lastKnownFileType = sourcecode.c.h; name = "Where'sBaby-Bridging-Header.h"; path = "Controller/Where'sBaby-Bridging-Header.h"; sourceTree = "<group>"; };
		B95890301BA43BE900A2C03E /* WBWelcomeViewController.swift */ = {isa = PBXFileReference; fileEncoding = 4; lastKnownFileType = sourcecode.swift; path = WBWelcomeViewController.swift; sourceTree = "<group>"; };
		B95890331BA443F600A2C03E /* 返回@2x.png */ = {isa = PBXFileReference; lastKnownFileType = image.png; path = "返回@2x.png"; sourceTree = "<group>"; };
		B95890341BA443F600A2C03E /* 返回@3x.png */ = {isa = PBXFileReference; lastKnownFileType = image.png; path = "返回@3x.png"; sourceTree = "<group>"; };
		B95890351BA443F600A2C03E /* bei@2x.png */ = {isa = PBXFileReference; lastKnownFileType = image.png; path = "bei@2x.png"; sourceTree = "<group>"; };
		B95890361BA443F600A2C03E /* bei@3x.png */ = {isa = PBXFileReference; lastKnownFileType = image.png; path = "bei@3x.png"; sourceTree = "<group>"; };
		B95890371BA443F600A2C03E /* beijing1.png */ = {isa = PBXFileReference; lastKnownFileType = image.png; path = beijing1.png; sourceTree = "<group>"; };
		B95890381BA443F600A2C03E /* beijing2.png */ = {isa = PBXFileReference; lastKnownFileType = image.png; path = beijing2.png; sourceTree = "<group>"; };
		B95890391BA443F600A2C03E /* denglu@2x.png */ = {isa = PBXFileReference; lastKnownFileType = image.png; path = "denglu@2x.png"; sourceTree = "<group>"; };
		B958903A1BA443F600A2C03E /* denglu@3x.png */ = {isa = PBXFileReference; lastKnownFileType = image.png; path = "denglu@3x.png"; sourceTree = "<group>"; };
		B958903B1BA443F600A2C03E /* shuru1@2x.png */ = {isa = PBXFileReference; lastKnownFileType = image.png; path = "shuru1@2x.png"; sourceTree = "<group>"; };
		B958903C1BA443F600A2C03E /* shuru1@3x.png */ = {isa = PBXFileReference; lastKnownFileType = image.png; path = "shuru1@3x.png"; sourceTree = "<group>"; };
		B958903D1BA443F600A2C03E /* shuru2@2x.png */ = {isa = PBXFileReference; lastKnownFileType = image.png; path = "shuru2@2x.png"; sourceTree = "<group>"; };
		B958903E1BA443F600A2C03E /* shuru2@3x.png */ = {isa = PBXFileReference; lastKnownFileType = image.png; path = "shuru2@3x.png"; sourceTree = "<group>"; };
		B958903F1BA443F600A2C03E /* zhuce@2x.png */ = {isa = PBXFileReference; lastKnownFileType = image.png; path = "zhuce@2x.png"; sourceTree = "<group>"; };
		B95890401BA443F600A2C03E /* zhuce@3x.png */ = {isa = PBXFileReference; lastKnownFileType = image.png; path = "zhuce@3x.png"; sourceTree = "<group>"; };
		D3E734FB1BA5D12500618513 /* BaseHTTPRequestOperationManager.h */ = {isa = PBXFileReference; fileEncoding = 4; lastKnownFileType = sourcecode.c.h; path = BaseHTTPRequestOperationManager.h; sourceTree = "<group>"; };
		D3E734FC1BA5D12500618513 /* BaseHTTPRequestOperationManager.m */ = {isa = PBXFileReference; fileEncoding = 4; lastKnownFileType = sourcecode.c.objc; path = BaseHTTPRequestOperationManager.m; sourceTree = "<group>"; };
		D3E734FE1BA5D19200618513 /* NSString+scisky.h */ = {isa = PBXFileReference; fileEncoding = 4; lastKnownFileType = sourcecode.c.h; path = "NSString+scisky.h"; sourceTree = "<group>"; };
		D3E734FF1BA5D19200618513 /* NSString+scisky.m */ = {isa = PBXFileReference; fileEncoding = 4; lastKnownFileType = sourcecode.c.objc; path = "NSString+scisky.m"; sourceTree = "<group>"; };
		D3E735011BA5D5CB00618513 /* LoginRequest.h */ = {isa = PBXFileReference; fileEncoding = 4; lastKnownFileType = sourcecode.c.h; path = LoginRequest.h; sourceTree = "<group>"; };
		D3E735021BA5D5CB00618513 /* LoginRequest.m */ = {isa = PBXFileReference; fileEncoding = 4; lastKnownFileType = sourcecode.c.objc; path = LoginRequest.m; sourceTree = "<group>"; };
		E53F98EF344B7234FD1BA5B4 /* Pods-Where'sBaby.debug.xcconfig */ = {isa = PBXFileReference; includeInIndex = 1; lastKnownFileType = text.xcconfig; name = "Pods-Where'sBaby.debug.xcconfig"; path = "Pods/Target Support Files/Pods-Where'sBaby/Pods-Where'sBaby.debug.xcconfig"; sourceTree = "<group>"; };
/* End PBXFileReference section */

/* Begin PBXFrameworksBuildPhase section */
		B9045C011BA0535100090A86 /* Frameworks */ = {
			isa = PBXFrameworksBuildPhase;
			buildActionMask = 2147483647;
			files = (
				A2DCC1055518DEEA635CBA7C /* libPods-Where'sBaby.a in Frameworks */,
			);
			runOnlyForDeploymentPostprocessing = 0;
		};
		B9045C1A1BA0535100090A86 /* Frameworks */ = {
			isa = PBXFrameworksBuildPhase;
			buildActionMask = 2147483647;
			files = (
			);
			runOnlyForDeploymentPostprocessing = 0;
		};
		B9045C251BA0535100090A86 /* Frameworks */ = {
			isa = PBXFrameworksBuildPhase;
			buildActionMask = 2147483647;
			files = (
			);
			runOnlyForDeploymentPostprocessing = 0;
		};
/* End PBXFrameworksBuildPhase section */

/* Begin PBXGroup section */
		A59439657A9747537FEC219E /* Pods */ = {
			isa = PBXGroup;
			children = (
				E53F98EF344B7234FD1BA5B4 /* Pods-Where'sBaby.debug.xcconfig */,
				0FBE7D952F98AB999F7B30DA /* Pods-Where'sBaby.release.xcconfig */,
			);
			name = Pods;
			sourceTree = "<group>";
		};
		B9045BFB1BA0535100090A86 = {
			isa = PBXGroup;
			children = (
				B9045C061BA0535100090A86 /* Where'sBaby */,
				B9045C201BA0535100090A86 /* Where'sBabyTests */,
				B9045C2B1BA0535100090A86 /* Where'sBabyUITests */,
				B9045C051BA0535100090A86 /* Products */,
				A59439657A9747537FEC219E /* Pods */,
				C52591142B71FA3B413470DE /* Frameworks */,
			);
			sourceTree = "<group>";
		};
		B9045C051BA0535100090A86 /* Products */ = {
			isa = PBXGroup;
			children = (
				B9045C041BA0535100090A86 /* Where'sBaby.app */,
				B9045C1D1BA0535100090A86 /* Where'sBabyTests.xctest */,
				B9045C281BA0535100090A86 /* Where'sBabyUITests.xctest */,
			);
			name = Products;
			sourceTree = "<group>";
		};
		B9045C061BA0535100090A86 /* Where'sBaby */ = {
			isa = PBXGroup;
			children = (
				B958902F1BA43BE800A2C03E /* Where'sBaby-Bridging-Header.h */,
				B9045C0A1BA0535100090A86 /* AppDelegate.h */,
				B9045C0B1BA0535100090A86 /* AppDelegate.m */,
				B9045C0D1BA0535100090A86 /* ViewController.h */,
				B9045C0E1BA0535100090A86 /* ViewController.m */,
				B9045C101BA0535100090A86 /* Main.storyboard */,
				B9045C131BA0535100090A86 /* Assets.xcassets */,
				B9045C151BA0535100090A86 /* LaunchScreen.storyboard */,
				B9045C181BA0535100090A86 /* Info.plist */,
				B95890281BA4385300A2C03E /* Controller */,
				B95890291BA4385300A2C03E /* Dependence */,
				B958902A1BA4385300A2C03E /* Modal */,
				D3E734FA1BA5D12500618513 /* Networking */,
				B958902C1BA4385300A2C03E /* Resource */,
				B958902D1BA4385300A2C03E /* Utils */,
				B958902E1BA4385300A2C03E /* View */,
				B9045C071BA0535100090A86 /* Supporting Files */,
			);
			path = "Where'sBaby";
			sourceTree = "<group>";
		};
		B9045C071BA0535100090A86 /* Supporting Files */ = {
			isa = PBXGroup;
			children = (
				B9045C081BA0535100090A86 /* main.m */,
			);
			name = "Supporting Files";
			sourceTree = "<group>";
		};
		B9045C201BA0535100090A86 /* Where'sBabyTests */ = {
			isa = PBXGroup;
			children = (
				B9045C211BA0535100090A86 /* Where_sBabyTests.m */,
				B9045C231BA0535100090A86 /* Info.plist */,
			);
			path = "Where'sBabyTests";
			sourceTree = "<group>";
		};
		B9045C2B1BA0535100090A86 /* Where'sBabyUITests */ = {
			isa = PBXGroup;
			children = (
				B9045C2C1BA0535100090A86 /* Where_sBabyUITests.m */,
				B9045C2E1BA0535100090A86 /* Info.plist */,
			);
			path = "Where'sBabyUITests";
			sourceTree = "<group>";
		};
		B95890281BA4385300A2C03E /* Controller */ = {
			isa = PBXGroup;
			children = (
				B95890301BA43BE900A2C03E /* WBWelcomeViewController.swift */,
				B9052B671BA506C5001AA85C /* LoginViewController.swift */,
			);
			path = Controller;
			sourceTree = "<group>";
		};
		B95890291BA4385300A2C03E /* Dependence */ = {
			isa = PBXGroup;
			children = (
			);
			path = Dependence;
			sourceTree = "<group>";
		};
		B958902A1BA4385300A2C03E /* Modal */ = {
			isa = PBXGroup;
			children = (
			);
			path = Modal;
			sourceTree = "<group>";
		};
		B958902C1BA4385300A2C03E /* Resource */ = {
			isa = PBXGroup;
			children = (
				B95890321BA443ED00A2C03E /* Welcome */,
			);
			path = Resource;
			sourceTree = "<group>";
		};
		B958902D1BA4385300A2C03E /* Utils */ = {
			isa = PBXGroup;
			children = (
			);
			path = Utils;
			sourceTree = "<group>";
		};
		B958902E1BA4385300A2C03E /* View */ = {
			isa = PBXGroup;
			children = (
			);
			path = View;
			sourceTree = "<group>";
		};
		B95890321BA443ED00A2C03E /* Welcome */ = {
			isa = PBXGroup;
			children = (
				B95890331BA443F600A2C03E /* 返回@2x.png */,
				B95890341BA443F600A2C03E /* 返回@3x.png */,
				B95890351BA443F600A2C03E /* bei@2x.png */,
				B95890361BA443F600A2C03E /* bei@3x.png */,
				B95890371BA443F600A2C03E /* beijing1.png */,
				B95890381BA443F600A2C03E /* beijing2.png */,
				B95890391BA443F600A2C03E /* denglu@2x.png */,
				B958903A1BA443F600A2C03E /* denglu@3x.png */,
				B958903B1BA443F600A2C03E /* shuru1@2x.png */,
				B958903C1BA443F600A2C03E /* shuru1@3x.png */,
				B958903D1BA443F600A2C03E /* shuru2@2x.png */,
				B958903E1BA443F600A2C03E /* shuru2@3x.png */,
				B958903F1BA443F600A2C03E /* zhuce@2x.png */,
				B95890401BA443F600A2C03E /* zhuce@3x.png */,
			);
			path = Welcome;
			sourceTree = "<group>";
		};
		C52591142B71FA3B413470DE /* Frameworks */ = {
			isa = PBXGroup;
			children = (
				56F50D48F51F4C753BB9032F /* libPods-Where'sBaby.a */,
			);
			name = Frameworks;
			sourceTree = "<group>";
		};
		D3E734FA1BA5D12500618513 /* Networking */ = {
			isa = PBXGroup;
			children = (
				D3E734FE1BA5D19200618513 /* NSString+scisky.h */,
				D3E734FF1BA5D19200618513 /* NSString+scisky.m */,
				D3E734FB1BA5D12500618513 /* BaseHTTPRequestOperationManager.h */,
				D3E734FC1BA5D12500618513 /* BaseHTTPRequestOperationManager.m */,
				D3E735011BA5D5CB00618513 /* LoginRequest.h */,
				D3E735021BA5D5CB00618513 /* LoginRequest.m */,
			);
			name = Networking;
			path = "Where'sBaby/Networking";
			sourceTree = SOURCE_ROOT;
		};
/* End PBXGroup section */

/* Begin PBXNativeTarget section */
		B9045C031BA0535100090A86 /* Where'sBaby */ = {
			isa = PBXNativeTarget;
			buildConfigurationList = B9045C311BA0535100090A86 /* Build configuration list for PBXNativeTarget "Where'sBaby" */;
			buildPhases = (
				E258BF2D728DD51CFF687124 /* Check Pods Manifest.lock */,
				B9045C001BA0535100090A86 /* Sources */,
				B9045C011BA0535100090A86 /* Frameworks */,
				B9045C021BA0535100090A86 /* Resources */,
				CD8305A02A98B1807DC01103 /* Copy Pods Resources */,
			);
			buildRules = (
			);
			dependencies = (
			);
			name = "Where'sBaby";
			productName = "Where'sBaby";
			productReference = B9045C041BA0535100090A86 /* Where'sBaby.app */;
			productType = "com.apple.product-type.application";
		};
		B9045C1C1BA0535100090A86 /* Where'sBabyTests */ = {
			isa = PBXNativeTarget;
			buildConfigurationList = B9045C341BA0535100090A86 /* Build configuration list for PBXNativeTarget "Where'sBabyTests" */;
			buildPhases = (
				B9045C191BA0535100090A86 /* Sources */,
				B9045C1A1BA0535100090A86 /* Frameworks */,
				B9045C1B1BA0535100090A86 /* Resources */,
			);
			buildRules = (
			);
			dependencies = (
				B9045C1F1BA0535100090A86 /* PBXTargetDependency */,
			);
			name = "Where'sBabyTests";
			productName = "Where'sBabyTests";
			productReference = B9045C1D1BA0535100090A86 /* Where'sBabyTests.xctest */;
			productType = "com.apple.product-type.bundle.unit-test";
		};
		B9045C271BA0535100090A86 /* Where'sBabyUITests */ = {
			isa = PBXNativeTarget;
			buildConfigurationList = B9045C371BA0535100090A86 /* Build configuration list for PBXNativeTarget "Where'sBabyUITests" */;
			buildPhases = (
				B9045C241BA0535100090A86 /* Sources */,
				B9045C251BA0535100090A86 /* Frameworks */,
				B9045C261BA0535100090A86 /* Resources */,
			);
			buildRules = (
			);
			dependencies = (
				B9045C2A1BA0535100090A86 /* PBXTargetDependency */,
			);
			name = "Where'sBabyUITests";
			productName = "Where'sBabyUITests";
			productReference = B9045C281BA0535100090A86 /* Where'sBabyUITests.xctest */;
			productType = "com.apple.product-type.bundle.ui-testing";
		};
/* End PBXNativeTarget section */

/* Begin PBXProject section */
		B9045BFC1BA0535100090A86 /* Project object */ = {
			isa = PBXProject;
			attributes = {
				LastSwiftUpdateCheck = 0700;
				LastUpgradeCheck = 0700;
				ORGANIZATIONNAME = coolLH;
				TargetAttributes = {
					B9045C031BA0535100090A86 = {
						CreatedOnToolsVersion = 7.0;
						DevelopmentTeam = G65933C85Y;
					};
					B9045C1C1BA0535100090A86 = {
						CreatedOnToolsVersion = 7.0;
						TestTargetID = B9045C031BA0535100090A86;
					};
					B9045C271BA0535100090A86 = {
						CreatedOnToolsVersion = 7.0;
						TestTargetID = B9045C031BA0535100090A86;
					};
				};
			};
			buildConfigurationList = B9045BFF1BA0535100090A86 /* Build configuration list for PBXProject "Where'sBaby" */;
			compatibilityVersion = "Xcode 3.2";
			developmentRegion = English;
			hasScannedForEncodings = 0;
			knownRegions = (
				en,
				Base,
			);
			mainGroup = B9045BFB1BA0535100090A86;
			productRefGroup = B9045C051BA0535100090A86 /* Products */;
			projectDirPath = "";
			projectRoot = "";
			targets = (
				B9045C031BA0535100090A86 /* Where'sBaby */,
				B9045C1C1BA0535100090A86 /* Where'sBabyTests */,
				B9045C271BA0535100090A86 /* Where'sBabyUITests */,
			);
		};
/* End PBXProject section */

/* Begin PBXResourcesBuildPhase section */
		B9045C021BA0535100090A86 /* Resources */ = {
			isa = PBXResourcesBuildPhase;
			buildActionMask = 2147483647;
			files = (
				B95890451BA443F600A2C03E /* beijing1.png in Resources */,
				B95890411BA443F600A2C03E /* 返回@2x.png in Resources */,
				B95890431BA443F600A2C03E /* bei@2x.png in Resources */,
				B958904C1BA443F600A2C03E /* shuru2@3x.png in Resources */,
				B9045C171BA0535100090A86 /* LaunchScreen.storyboard in Resources */,
				B958904A1BA443F600A2C03E /* shuru1@3x.png in Resources */,
				B9045C141BA0535100090A86 /* Assets.xcassets in Resources */,
				B95890421BA443F600A2C03E /* 返回@3x.png in Resources */,
				B958904D1BA443F600A2C03E /* zhuce@2x.png in Resources */,
				B95890481BA443F600A2C03E /* denglu@3x.png in Resources */,
				B95890461BA443F600A2C03E /* beijing2.png in Resources */,
				B95890471BA443F600A2C03E /* denglu@2x.png in Resources */,
				B9045C121BA0535100090A86 /* Main.storyboard in Resources */,
				B958904B1BA443F600A2C03E /* shuru2@2x.png in Resources */,
				B958904E1BA443F600A2C03E /* zhuce@3x.png in Resources */,
				B95890491BA443F600A2C03E /* shuru1@2x.png in Resources */,
				B95890441BA443F600A2C03E /* bei@3x.png in Resources */,
			);
			runOnlyForDeploymentPostprocessing = 0;
		};
		B9045C1B1BA0535100090A86 /* Resources */ = {
			isa = PBXResourcesBuildPhase;
			buildActionMask = 2147483647;
			files = (
			);
			runOnlyForDeploymentPostprocessing = 0;
		};
		B9045C261BA0535100090A86 /* Resources */ = {
			isa = PBXResourcesBuildPhase;
			buildActionMask = 2147483647;
			files = (
			);
			runOnlyForDeploymentPostprocessing = 0;
		};
/* End PBXResourcesBuildPhase section */

/* Begin PBXShellScriptBuildPhase section */
		CD8305A02A98B1807DC01103 /* Copy Pods Resources */ = {
			isa = PBXShellScriptBuildPhase;
			buildActionMask = 2147483647;
			files = (
			);
			inputPaths = (
			);
			name = "Copy Pods Resources";
			outputPaths = (
			);
			runOnlyForDeploymentPostprocessing = 0;
			shellPath = /bin/sh;
			shellScript = "\"${SRCROOT}/Pods/Target Support Files/Pods-Where'sBaby/Pods-Where'sBaby-resources.sh\"\n";
			showEnvVarsInLog = 0;
		};
		E258BF2D728DD51CFF687124 /* Check Pods Manifest.lock */ = {
			isa = PBXShellScriptBuildPhase;
			buildActionMask = 2147483647;
			files = (
			);
			inputPaths = (
			);
			name = "Check Pods Manifest.lock";
			outputPaths = (
			);
			runOnlyForDeploymentPostprocessing = 0;
			shellPath = /bin/sh;
			shellScript = "diff \"${PODS_ROOT}/../Podfile.lock\" \"${PODS_ROOT}/Manifest.lock\" > /dev/null\nif [[ $? != 0 ]] ; then\n    cat << EOM\nerror: The sandbox is not in sync with the Podfile.lock. Run 'pod install' or update your CocoaPods installation.\nEOM\n    exit 1\nfi\n";
			showEnvVarsInLog = 0;
		};
/* End PBXShellScriptBuildPhase section */

/* Begin PBXSourcesBuildPhase section */
		B9045C001BA0535100090A86 /* Sources */ = {
			isa = PBXSourcesBuildPhase;
			buildActionMask = 2147483647;
			files = (
				D3E734FD1BA5D12500618513 /* BaseHTTPRequestOperationManager.m in Sources */,
				D3E735001BA5D19200618513 /* NSString+scisky.m in Sources */,
				B95890311BA43BE900A2C03E /* WBWelcomeViewController.swift in Sources */,
				D3E735031BA5D5CB00618513 /* LoginRequest.m in Sources */,
				B9045C0F1BA0535100090A86 /* ViewController.m in Sources */,
				B9045C0C1BA0535100090A86 /* AppDelegate.m in Sources */,
				B9052B681BA506C5001AA85C /* LoginViewController.swift in Sources */,
				B9045C091BA0535100090A86 /* main.m in Sources */,
			);
			runOnlyForDeploymentPostprocessing = 0;
		};
		B9045C191BA0535100090A86 /* Sources */ = {
			isa = PBXSourcesBuildPhase;
			buildActionMask = 2147483647;
			files = (
				B9045C221BA0535100090A86 /* Where_sBabyTests.m in Sources */,
			);
			runOnlyForDeploymentPostprocessing = 0;
		};
		B9045C241BA0535100090A86 /* Sources */ = {
			isa = PBXSourcesBuildPhase;
			buildActionMask = 2147483647;
			files = (
				B9045C2D1BA0535100090A86 /* Where_sBabyUITests.m in Sources */,
			);
			runOnlyForDeploymentPostprocessing = 0;
		};
/* End PBXSourcesBuildPhase section */

/* Begin PBXTargetDependency section */
		B9045C1F1BA0535100090A86 /* PBXTargetDependency */ = {
			isa = PBXTargetDependency;
			target = B9045C031BA0535100090A86 /* Where'sBaby */;
			targetProxy = B9045C1E1BA0535100090A86 /* PBXContainerItemProxy */;
		};
		B9045C2A1BA0535100090A86 /* PBXTargetDependency */ = {
			isa = PBXTargetDependency;
			target = B9045C031BA0535100090A86 /* Where'sBaby */;
			targetProxy = B9045C291BA0535100090A86 /* PBXContainerItemProxy */;
		};
/* End PBXTargetDependency section */

/* Begin PBXVariantGroup section */
		B9045C101BA0535100090A86 /* Main.storyboard */ = {
			isa = PBXVariantGroup;
			children = (
				B9045C111BA0535100090A86 /* Base */,
			);
			name = Main.storyboard;
			sourceTree = "<group>";
		};
		B9045C151BA0535100090A86 /* LaunchScreen.storyboard */ = {
			isa = PBXVariantGroup;
			children = (
				B9045C161BA0535100090A86 /* Base */,
			);
			name = LaunchScreen.storyboard;
			sourceTree = "<group>";
		};
/* End PBXVariantGroup section */

/* Begin XCBuildConfiguration section */
		B9045C2F1BA0535100090A86 /* Debug */ = {
			isa = XCBuildConfiguration;
			buildSettings = {
				ALWAYS_SEARCH_USER_PATHS = NO;
				CLANG_CXX_LANGUAGE_STANDARD = "gnu++0x";
				CLANG_CXX_LIBRARY = "libc++";
				CLANG_ENABLE_MODULES = YES;
				CLANG_ENABLE_OBJC_ARC = YES;
				CLANG_WARN_BOOL_CONVERSION = YES;
				CLANG_WARN_CONSTANT_CONVERSION = YES;
				CLANG_WARN_DIRECT_OBJC_ISA_USAGE = YES_ERROR;
				CLANG_WARN_EMPTY_BODY = YES;
				CLANG_WARN_ENUM_CONVERSION = YES;
				CLANG_WARN_INT_CONVERSION = YES;
				CLANG_WARN_OBJC_ROOT_CLASS = YES_ERROR;
				CLANG_WARN_UNREACHABLE_CODE = YES;
				CLANG_WARN__DUPLICATE_METHOD_MATCH = YES;
				"CODE_SIGN_IDENTITY[sdk=iphoneos*]" = "iPhone Developer";
				COPY_PHASE_STRIP = NO;
				DEBUG_INFORMATION_FORMAT = dwarf;
				ENABLE_STRICT_OBJC_MSGSEND = YES;
				ENABLE_TESTABILITY = YES;
				GCC_C_LANGUAGE_STANDARD = gnu99;
				GCC_DYNAMIC_NO_PIC = NO;
				GCC_NO_COMMON_BLOCKS = YES;
				GCC_OPTIMIZATION_LEVEL = 0;
				GCC_PREPROCESSOR_DEFINITIONS = (
					"DEBUG=1",
					"$(inherited)",
				);
				GCC_WARN_64_TO_32_BIT_CONVERSION = YES;
				GCC_WARN_ABOUT_RETURN_TYPE = YES_ERROR;
				GCC_WARN_UNDECLARED_SELECTOR = YES;
				GCC_WARN_UNINITIALIZED_AUTOS = YES_AGGRESSIVE;
				GCC_WARN_UNUSED_FUNCTION = YES;
				GCC_WARN_UNUSED_VARIABLE = YES;
				IPHONEOS_DEPLOYMENT_TARGET = 9.0;
				MTL_ENABLE_DEBUG_INFO = YES;
				ONLY_ACTIVE_ARCH = YES;
				SDKROOT = iphoneos;
			};
			name = Debug;
		};
		B9045C301BA0535100090A86 /* Release */ = {
			isa = XCBuildConfiguration;
			buildSettings = {
				ALWAYS_SEARCH_USER_PATHS = NO;
				CLANG_CXX_LANGUAGE_STANDARD = "gnu++0x";
				CLANG_CXX_LIBRARY = "libc++";
				CLANG_ENABLE_MODULES = YES;
				CLANG_ENABLE_OBJC_ARC = YES;
				CLANG_WARN_BOOL_CONVERSION = YES;
				CLANG_WARN_CONSTANT_CONVERSION = YES;
				CLANG_WARN_DIRECT_OBJC_ISA_USAGE = YES_ERROR;
				CLANG_WARN_EMPTY_BODY = YES;
				CLANG_WARN_ENUM_CONVERSION = YES;
				CLANG_WARN_INT_CONVERSION = YES;
				CLANG_WARN_OBJC_ROOT_CLASS = YES_ERROR;
				CLANG_WARN_UNREACHABLE_CODE = YES;
				CLANG_WARN__DUPLICATE_METHOD_MATCH = YES;
				"CODE_SIGN_IDENTITY[sdk=iphoneos*]" = "iPhone Developer";
				COPY_PHASE_STRIP = NO;
				DEBUG_INFORMATION_FORMAT = "dwarf-with-dsym";
				ENABLE_NS_ASSERTIONS = NO;
				ENABLE_STRICT_OBJC_MSGSEND = YES;
				GCC_C_LANGUAGE_STANDARD = gnu99;
				GCC_NO_COMMON_BLOCKS = YES;
				GCC_WARN_64_TO_32_BIT_CONVERSION = YES;
				GCC_WARN_ABOUT_RETURN_TYPE = YES_ERROR;
				GCC_WARN_UNDECLARED_SELECTOR = YES;
				GCC_WARN_UNINITIALIZED_AUTOS = YES_AGGRESSIVE;
				GCC_WARN_UNUSED_FUNCTION = YES;
				GCC_WARN_UNUSED_VARIABLE = YES;
				IPHONEOS_DEPLOYMENT_TARGET = 9.0;
				MTL_ENABLE_DEBUG_INFO = NO;
				SDKROOT = iphoneos;
				VALIDATE_PRODUCT = YES;
			};
			name = Release;
		};
		B9045C321BA0535100090A86 /* Debug */ = {
			isa = XCBuildConfiguration;
			baseConfigurationReference = E53F98EF344B7234FD1BA5B4 /* Pods-Where'sBaby.debug.xcconfig */;
			buildSettings = {
				ASSETCATALOG_COMPILER_APPICON_NAME = AppIcon;
				CLANG_ENABLE_MODULES = YES;
				CODE_SIGN_IDENTITY = "iPhone Developer";
				INFOPLIST_FILE = "Where'sBaby/Info.plist";
				IPHONEOS_DEPLOYMENT_TARGET = 7.1;
				LD_RUNPATH_SEARCH_PATHS = "$(inherited) @executable_path/Frameworks";
				PRODUCT_BUNDLE_IDENTIFIER = "com.hxx.Where-sBaby";
				PRODUCT_NAME = "$(TARGET_NAME)";
				SWIFT_OBJC_BRIDGING_HEADER = "Where'sBaby/Controller/Where'sBaby-Bridging-Header.h";
				SWIFT_OPTIMIZATION_LEVEL = "-Onone";
			};
			name = Debug;
		};
		B9045C331BA0535100090A86 /* Release */ = {
			isa = XCBuildConfiguration;
			baseConfigurationReference = 0FBE7D952F98AB999F7B30DA /* Pods-Where'sBaby.release.xcconfig */;
			buildSettings = {
				ASSETCATALOG_COMPILER_APPICON_NAME = AppIcon;
				CLANG_ENABLE_MODULES = YES;
				CODE_SIGN_IDENTITY = "iPhone Developer";
				INFOPLIST_FILE = "Where'sBaby/Info.plist";
				IPHONEOS_DEPLOYMENT_TARGET = 7.1;
				LD_RUNPATH_SEARCH_PATHS = "$(inherited) @executable_path/Frameworks";
				PRODUCT_BUNDLE_IDENTIFIER = "com.hxx.Where-sBaby";
				PRODUCT_NAME = "$(TARGET_NAME)";
				SWIFT_OBJC_BRIDGING_HEADER = "Where'sBaby/Controller/Where'sBaby-Bridging-Header.h";
			};
			name = Release;
		};
		B9045C351BA0535100090A86 /* Debug */ = {
			isa = XCBuildConfiguration;
			buildSettings = {
				BUNDLE_LOADER = "$(TEST_HOST)";
				INFOPLIST_FILE = "Where'sBabyTests/Info.plist";
				LD_RUNPATH_SEARCH_PATHS = "$(inherited) @executable_path/Frameworks @loader_path/Frameworks";
				PRODUCT_BUNDLE_IDENTIFIER = "com.hxx.Where-sBabyTests";
				PRODUCT_NAME = "$(TARGET_NAME)";
				TEST_HOST = "$(BUILT_PRODUCTS_DIR)/Where'sBaby.app/Where'sBaby";
			};
			name = Debug;
		};
		B9045C361BA0535100090A86 /* Release */ = {
			isa = XCBuildConfiguration;
			buildSettings = {
				BUNDLE_LOADER = "$(TEST_HOST)";
				INFOPLIST_FILE = "Where'sBabyTests/Info.plist";
				LD_RUNPATH_SEARCH_PATHS = "$(inherited) @executable_path/Frameworks @loader_path/Frameworks";
				PRODUCT_BUNDLE_IDENTIFIER = "com.hxx.Where-sBabyTests";
				PRODUCT_NAME = "$(TARGET_NAME)";
				TEST_HOST = "$(BUILT_PRODUCTS_DIR)/Where'sBaby.app/Where'sBaby";
			};
			name = Release;
		};
		B9045C381BA0535100090A86 /* Debug */ = {
			isa = XCBuildConfiguration;
			buildSettings = {
				INFOPLIST_FILE = "Where'sBabyUITests/Info.plist";
				LD_RUNPATH_SEARCH_PATHS = "$(inherited) @executable_path/Frameworks @loader_path/Frameworks";
				PRODUCT_BUNDLE_IDENTIFIER = "com.hxx.Where-sBabyUITests";
				PRODUCT_NAME = "$(TARGET_NAME)";
				TEST_TARGET_NAME = "Where'sBaby";
				USES_XCTRUNNER = YES;
			};
			name = Debug;
		};
		B9045C391BA0535100090A86 /* Release */ = {
			isa = XCBuildConfiguration;
			buildSettings = {
				INFOPLIST_FILE = "Where'sBabyUITests/Info.plist";
				LD_RUNPATH_SEARCH_PATHS = "$(inherited) @executable_path/Frameworks @loader_path/Frameworks";
				PRODUCT_BUNDLE_IDENTIFIER = "com.hxx.Where-sBabyUITests";
				PRODUCT_NAME = "$(TARGET_NAME)";
				TEST_TARGET_NAME = "Where'sBaby";
				USES_XCTRUNNER = YES;
			};
			name = Release;
		};
/* End XCBuildConfiguration section */

/* Begin XCConfigurationList section */
		B9045BFF1BA0535100090A86 /* Build configuration list for PBXProject "Where'sBaby" */ = {
			isa = XCConfigurationList;
			buildConfigurations = (
				B9045C2F1BA0535100090A86 /* Debug */,
				B9045C301BA0535100090A86 /* Release */,
			);
			defaultConfigurationIsVisible = 0;
			defaultConfigurationName = Release;
		};
		B9045C311BA0535100090A86 /* Build configuration list for PBXNativeTarget "Where'sBaby" */ = {
			isa = XCConfigurationList;
			buildConfigurations = (
				B9045C321BA0535100090A86 /* Debug */,
				B9045C331BA0535100090A86 /* Release */,
			);
			defaultConfigurationIsVisible = 0;
			defaultConfigurationName = Release;
		};
		B9045C341BA0535100090A86 /* Build configuration list for PBXNativeTarget "Where'sBabyTests" */ = {
			isa = XCConfigurationList;
			buildConfigurations = (
				B9045C351BA0535100090A86 /* Debug */,
				B9045C361BA0535100090A86 /* Release */,
			);
			defaultConfigurationIsVisible = 0;
			defaultConfigurationName = Release;
		};
		B9045C371BA0535100090A86 /* Build configuration list for PBXNativeTarget "Where'sBabyUITests" */ = {
			isa = XCConfigurationList;
			buildConfigurations = (
				B9045C381BA0535100090A86 /* Debug */,
				B9045C391BA0535100090A86 /* Release */,
			);
			defaultConfigurationIsVisible = 0;
			defaultConfigurationName = Release;
		};
/* End XCConfigurationList section */
	};
	rootObject = B9045BFC1BA0535100090A86 /* Project object */;
}
